
Microsoft Visual Studio Solution File, Format Version 12.00
# Visual Studio 15
VisualStudioVersion = 15.0.26730.15
MinimumVisualStudioVersion = 10.0.40219.1
Project("{FAE04EC0-301F-11D3-BF4B-00C04F79EFBC}") = "BabyPress2", "BabyPress2\BabyPress2.csproj", "{A5D537DD-5480-4DCA-AC6B-8D3012637AC7}"
EndProject
Global
	GlobalSection(SolutionConfigurationPlatforms) = preSolution
		Debug|Any CPU = Debug|Any CPU
		Release|Any CPU = Release|Any CPU
	EndGlobalSection
	GlobalSection(ProjectConfigurationPlatforms) = postSolution
		{A5D537DD-5480-4DCA-AC6B-8D3012637AC7}.Debug|Any CPU.ActiveCfg = Debug|Any CPU
		{A5D537DD-5480-4DCA-AC6B-8D3012637AC7}.Debug|Any CPU.Build.0 = Debug|Any CPU
		{A5D537DD-5480-4DCA-AC6B-8D3012637AC7}.Release|Any CPU.ActiveCfg = Release|Any CPU
		{A5D537DD-5480-4DCA-AC6B-8D3012637AC7}.Release|Any CPU.Build.0 = Release|Any CPU
	EndGlobalSection
	GlobalSection(SolutionProperties) = preSolution
		HideSolutionNode = FALSE
	EndGlobalSection
	GlobalSection(ExtensibilityGlobals) = postSolution
		SolutionGuid = {A2EBD288-0F5B-4275-A359-35F9037C03FB}
	EndGlobalSection
EndGlobal
